
Microsoft Visual Studio Solution File, Format Version 11.00
# Visual C# Express 2010
Project("{FAE04EC0-301F-11D3-BF4B-00C04F79EFBC}") = "Cliente_Proyevto", "Cliente_Proyevto.csproj", "{1972121C-EF00-4D7E-97D1-A6DB981E2F3F}"
EndProject
Global
	GlobalSection(SolutionConfigurationPlatforms) = preSolution
		Debug|Any CPU = Debug|Any CPU
		Release|Any CPU = Release|Any CPU
	EndGlobalSection
	GlobalSection(ProjectConfigurationPlatforms) = postSolution
		{1972121C-EF00-4D7E-97D1-A6DB981E2F3F}.Debug|Any CPU.ActiveCfg = Debug|Any CPU
		{1972121C-EF00-4D7E-97D1-A6DB981E2F3F}.Debug|Any CPU.Build.0 = Debug|Any CPU
		{1972121C-EF00-4D7E-97D1-A6DB981E2F3F}.Release|Any CPU.ActiveCfg = Release|Any CPU
		{1972121C-EF00-4D7E-97D1-A6DB981E2F3F}.Release|Any CPU.Build.0 = Release|Any CPU
	EndGlobalSection
	GlobalSection(SolutionProperties) = preSolution
		HideSolutionNode = FALSE
	EndGlobalSection
EndGlobal
